// !$*UTF8*$!
{
	archiveVersion = 1;
	classes = {
	};
	objectVersion = 46;
	objects = {

/* Begin PBXBuildFile section */
		2FEE43AA1CE4C200003EB533 /* AppDelegate.swift in Sources */ = {isa = PBXBuildFile; fileRef = 2FEE43A91CE4C200003EB533 /* AppDelegate.swift */; };
		2FEE43AC1CE4C200003EB533 /* ViewController.swift in Sources */ = {isa = PBXBuildFile; fileRef = 2FEE43AB1CE4C200003EB533 /* ViewController.swift */; };
		2FEE43AF1CE4C200003EB533 /* Main.storyboard in Resources */ = {isa = PBXBuildFile; fileRef = 2FEE43AD1CE4C200003EB533 /* Main.storyboard */; };
		2FEE43B11CE4C200003EB533 /* Assets.xcassets in Resources */ = {isa = PBXBuildFile; fileRef = 2FEE43B01CE4C200003EB533 /* Assets.xcassets */; };
		2FEE43B41CE4C200003EB533 /* LaunchScreen.storyboard in Resources */ = {isa = PBXBuildFile; fileRef = 2FEE43B21CE4C200003EB533 /* LaunchScreen.storyboard */; };
		2FEE43BF1CE4C200003EB533 /* SwiftyLocalizableStringsTests.swift in Sources */ = {isa = PBXBuildFile; fileRef = 2FEE43BE1CE4C200003EB533 /* SwiftyLocalizableStringsTests.swift */; };
		2FEE43CA1CE4C21D003EB533 /* SwiftyLocalizableStrings.swift in Sources */ = {isa = PBXBuildFile; fileRef = 2FEE43C91CE4C21D003EB533 /* SwiftyLocalizableStrings.swift */; };
		2FEE43CD1CE4D5D0003EB533 /* Localizable.strings in Resources */ = {isa = PBXBuildFile; fileRef = 2FEE43CF1CE4D5D0003EB533 /* Localizable.strings */; };
/* End PBXBuildFile section */

/* Begin PBXContainerItemProxy section */
		2FEE43BB1CE4C200003EB533 /* PBXContainerItemProxy */ = {
			isa = PBXContainerItemProxy;
			containerPortal = 2FEE439E1CE4C200003EB533 /* Project object */;
			proxyType = 1;
			remoteGlobalIDString = 2FEE43A51CE4C200003EB533;
			remoteInfo = SwiftyLocalizableStrings;
		};
/* End PBXContainerItemProxy section */

/* Begin PBXFileReference section */
		2FEE43A61CE4C200003EB533 /* SwiftyLocalizableStrings.app */ = {isa = PBXFileReference; explicitFileType = wrapper.application; includeInIndex = 0; path = SwiftyLocalizableStrings.app; sourceTree = BUILT_PRODUCTS_DIR; };
		2FEE43A91CE4C200003EB533 /* AppDelegate.swift */ = {isa = PBXFileReference; lastKnownFileType = sourcecode.swift; path = AppDelegate.swift; sourceTree = "<group>"; };
		2FEE43AB1CE4C200003EB533 /* ViewController.swift */ = {isa = PBXFileReference; lastKnownFileType = sourcecode.swift; path = ViewController.swift; sourceTree = "<group>"; };
		2FEE43AE1CE4C200003EB533 /* Base */ = {isa = PBXFileReference; lastKnownFileType = file.storyboard; name = Base; path = Base.lproj/Main.storyboard; sourceTree = "<group>"; };
		2FEE43B01CE4C200003EB533 /* Assets.xcassets */ = {isa = PBXFileReference; lastKnownFileType = folder.assetcatalog; path = Assets.xcassets; sourceTree = "<group>"; };
		2FEE43B31CE4C200003EB533 /* Base */ = {isa = PBXFileReference; lastKnownFileType = file.storyboard; name = Base; path = Base.lproj/LaunchScreen.storyboard; sourceTree = "<group>"; };
		2FEE43B51CE4C200003EB533 /* Info.plist */ = {isa = PBXFileReference; lastKnownFileType = text.plist.xml; path = Info.plist; sourceTree = "<group>"; };
		2FEE43BA1CE4C200003EB533 /* SwiftyLocalizableStringsTests.xctest */ = {isa = PBXFileReference; explicitFileType = wrapper.cfbundle; includeInIndex = 0; path = SwiftyLocalizableStringsTests.xctest; sourceTree = BUILT_PRODUCTS_DIR; };
		2FEE43BE1CE4C200003EB533 /* SwiftyLocalizableStringsTests.swift */ = {isa = PBXFileReference; lastKnownFileType = sourcecode.swift; path = SwiftyLocalizableStringsTests.swift; sourceTree = "<group>"; };
		2FEE43C01CE4C200003EB533 /* Info.plist */ = {isa = PBXFileReference; lastKnownFileType = text.plist.xml; path = Info.plist; sourceTree = "<group>"; };
		2FEE43C91CE4C21D003EB533 /* SwiftyLocalizableStrings.swift */ = {isa = PBXFileReference; fileEncoding = 4; lastKnownFileType = sourcecode.swift; name = SwiftyLocalizableStrings.swift; path = SwiftyLocalizableStrings/SwiftyLocalizableStrings.swift; sourceTree = "<group>"; };
		2FEE43CE1CE4D5D0003EB533 /* Base */ = {isa = PBXFileReference; lastKnownFileType = text.plist.strings; name = Base; path = Base.lproj/Localizable.strings; sourceTree = "<group>"; };
/* End PBXFileReference section */

/* Begin PBXFrameworksBuildPhase section */
		2FEE43A31CE4C200003EB533 /* Frameworks */ = {
			isa = PBXFrameworksBuildPhase;
			buildActionMask = 2147483647;
			files = (
			);
			runOnlyForDeploymentPostprocessing = 0;
		};
		2FEE43B71CE4C200003EB533 /* Frameworks */ = {
			isa = PBXFrameworksBuildPhase;
			buildActionMask = 2147483647;
			files = (
			);
			runOnlyForDeploymentPostprocessing = 0;
		};
/* End PBXFrameworksBuildPhase section */

/* Begin PBXGroup section */
		2FEE439D1CE4C200003EB533 = {
			isa = PBXGroup;
			children = (
				2FEE43A81CE4C200003EB533 /* SwiftyLocalizableStrings */,
				2FEE43BD1CE4C200003EB533 /* SwiftyLocalizableStringsTests */,
				2FEE43A71CE4C200003EB533 /* Products */,
			);
			sourceTree = "<group>";
		};
		2FEE43A71CE4C200003EB533 /* Products */ = {
			isa = PBXGroup;
			children = (
				2FEE43A61CE4C200003EB533 /* SwiftyLocalizableStrings.app */,
				2FEE43BA1CE4C200003EB533 /* SwiftyLocalizableStringsTests.xctest */,
			);
			name = Products;
			sourceTree = "<group>";
		};
		2FEE43A81CE4C200003EB533 /* SwiftyLocalizableStrings */ = {
			isa = PBXGroup;
			children = (
				2FEE43A91CE4C200003EB533 /* AppDelegate.swift */,
				2FEE43C91CE4C21D003EB533 /* SwiftyLocalizableStrings.swift */,
				2FEE43AB1CE4C200003EB533 /* ViewController.swift */,
				2FEE43AD1CE4C200003EB533 /* Main.storyboard */,
				2FEE43B01CE4C200003EB533 /* Assets.xcassets */,
				2FEE43B21CE4C200003EB533 /* LaunchScreen.storyboard */,
				2FEE43B51CE4C200003EB533 /* Info.plist */,
				2FEE43CF1CE4D5D0003EB533 /* Localizable.strings */,
			);
			path = SwiftyLocalizableStrings;
			sourceTree = "<group>";
		};
		2FEE43BD1CE4C200003EB533 /* SwiftyLocalizableStringsTests */ = {
			isa = PBXGroup;
			children = (
				2FEE43BE1CE4C200003EB533 /* SwiftyLocalizableStringsTests.swift */,
				2FEE43C01CE4C200003EB533 /* Info.plist */,
			);
			path = SwiftyLocalizableStringsTests;
			sourceTree = "<group>";
		};
/* End PBXGroup section */

/* Begin PBXNativeTarget section */
		2FEE43A51CE4C200003EB533 /* SwiftyLocalizableStrings */ = {
			isa = PBXNativeTarget;
			buildConfigurationList = 2FEE43C31CE4C200003EB533 /* Build configuration list for PBXNativeTarget "SwiftyLocalizableStrings" */;
			buildPhases = (
				2FEE43A21CE4C200003EB533 /* Sources */,
				2FEE43A31CE4C200003EB533 /* Frameworks */,
				2FEE43A41CE4C200003EB533 /* Resources */,
			);
			buildRules = (
			);
			dependencies = (
			);
			name = SwiftyLocalizableStrings;
			productName = SwiftyLocalizableStrings;
			productReference = 2FEE43A61CE4C200003EB533 /* SwiftyLocalizableStrings.app */;
			productType = "com.apple.product-type.application";
		};
		2FEE43B91CE4C200003EB533 /* SwiftyLocalizableStringsTests */ = {
			isa = PBXNativeTarget;
			buildConfigurationList = 2FEE43C61CE4C200003EB533 /* Build configuration list for PBXNativeTarget "SwiftyLocalizableStringsTests" */;
			buildPhases = (
				2FEE43B61CE4C200003EB533 /* Sources */,
				2FEE43B71CE4C200003EB533 /* Frameworks */,
				2FEE43B81CE4C200003EB533 /* Resources */,
			);
			buildRules = (
			);
			dependencies = (
				2FEE43BC1CE4C200003EB533 /* PBXTargetDependency */,
			);
			name = SwiftyLocalizableStringsTests;
			productName = SwiftyLocalizableStringsTests;
			productReference = 2FEE43BA1CE4C200003EB533 /* SwiftyLocalizableStringsTests.xctest */;
			productType = "com.apple.product-type.bundle.unit-test";
		};
/* End PBXNativeTarget section */

/* Begin PBXProject section */
		2FEE439E1CE4C200003EB533 /* Project object */ = {
			isa = PBXProject;
			attributes = {
				LastSwiftUpdateCheck = 0730;
				LastUpgradeCheck = 0730;
				ORGANIZATIONNAME = Songkick;
				TargetAttributes = {
					2FEE43A51CE4C200003EB533 = {
						CreatedOnToolsVersion = 7.3;
					};
					2FEE43B91CE4C200003EB533 = {
						CreatedOnToolsVersion = 7.3;
						TestTargetID = 2FEE43A51CE4C200003EB533;
					};
				};
			};
			buildConfigurationList = 2FEE43A11CE4C200003EB533 /* Build configuration list for PBXProject "SwiftyLocalizableStrings" */;
			compatibilityVersion = "Xcode 3.2";
			developmentRegion = English;
			hasScannedForEncodings = 0;
			knownRegions = (
				en,
				Base,
			);
			mainGroup = 2FEE439D1CE4C200003EB533;
			productRefGroup = 2FEE43A71CE4C200003EB533 /* Products */;
			projectDirPath = "";
			projectRoot = "";
			targets = (
				2FEE43A51CE4C200003EB533 /* SwiftyLocalizableStrings */,
				2FEE43B91CE4C200003EB533 /* SwiftyLocalizableStringsTests */,
			);
		};
/* End PBXProject section */

/* Begin PBXResourcesBuildPhase section */
		2FEE43A41CE4C200003EB533 /* Resources */ = {
			isa = PBXResourcesBuildPhase;
			buildActionMask = 2147483647;
			files = (
				2FEE43B41CE4C200003EB533 /* LaunchScreen.storyboard in Resources */,
				2FEE43CD1CE4D5D0003EB533 /* Localizable.strings in Resources */,
				2FEE43B11CE4C200003EB533 /* Assets.xcassets in Resources */,
				2FEE43AF1CE4C200003EB533 /* Main.storyboard in Resources */,
			);
			runOnlyForDeploymentPostprocessing = 0;
		};
		2FEE43B81CE4C200003EB533 /* Resources */ = {
			isa = PBXResourcesBuildPhase;
			buildActionMask = 2147483647;
			files = (
			);
			runOnlyForDeploymentPostprocessing = 0;
		};
/* End PBXResourcesBuildPhase section */

/* Begin PBXSourcesBuildPhase section */
		2FEE43A21CE4C200003EB533 /* Sources */ = {
			isa = PBXSourcesBuildPhase;
			buildActionMask = 2147483647;
			files = (
				2FEE43AC1CE4C200003EB533 /* ViewController.swift in Sources */,
				2FEE43CA1CE4C21D003EB533 /* SwiftyLocalizableStrings.swift in Sources */,
				2FEE43AA1CE4C200003EB533 /* AppDelegate.swift in Sources */,
			);
			runOnlyForDeploymentPostprocessing = 0;
		};
		2FEE43B61CE4C200003EB533 /* Sources */ = {
			isa = PBXSourcesBuildPhase;
			buildActionMask = 2147483647;
			files = (
				2FEE43BF1CE4C200003EB533 /* SwiftyLocalizableStringsTests.swift in Sources */,
			);
			runOnlyForDeploymentPostprocessing = 0;
		};
/* End PBXSourcesBuildPhase section */

/* Begin PBXTargetDependency section */
		2FEE43BC1CE4C200003EB533 /* PBXTargetDependency */ = {
			isa = PBXTargetDependency;
			target = 2FEE43A51CE4C200003EB533 /* SwiftyLocalizableStrings */;
			targetProxy = 2FEE43BB1CE4C200003EB533 /* PBXContainerItemProxy */;
		};
/* End PBXTargetDependency section */

/* Begin PBXVariantGroup section */
		2FEE43AD1CE4C200003EB533 /* Main.storyboard */ = {
			isa = PBXVariantGroup;
			children = (
				2FEE43AE1CE4C200003EB533 /* Base */,
			);
			name = Main.storyboard;
			sourceTree = "<group>";
		};
		2FEE43B21CE4C200003EB533 /* LaunchScreen.storyboard */ = {
			isa = PBXVariantGroup;
			children = (
				2FEE43B31CE4C200003EB533 /* Base */,
			);
			name = LaunchScreen.storyboard;
			sourceTree = "<group>";
		};
		2FEE43CF1CE4D5D0003EB533 /* Localizable.strings */ = {
			isa = PBXVariantGroup;
			children = (
				2FEE43CE1CE4D5D0003EB533 /* Base */,
			);
			name = Localizable.strings;
			sourceTree = "<group>";
		};
/* End PBXVariantGroup section */

/* Begin XCBuildConfiguration section */
		2FEE43C11CE4C200003EB533 /* Debug */ = {
			isa = XCBuildConfiguration;
			buildSettings = {
				ALWAYS_SEARCH_USER_PATHS = NO;
				CLANG_ANALYZER_NONNULL = YES;
				CLANG_CXX_LANGUAGE_STANDARD = "gnu++0x";
				CLANG_CXX_LIBRARY = "libc++";
				CLANG_ENABLE_MODULES = YES;
				CLANG_ENABLE_OBJC_ARC = YES;
				CLANG_WARN_BOOL_CONVERSION = YES;
				CLANG_WARN_CONSTANT_CONVERSION = YES;
				CLANG_WARN_DIRECT_OBJC_ISA_USAGE = YES_ERROR;
				CLANG_WARN_EMPTY_BODY = YES;
				CLANG_WARN_ENUM_CONVERSION = YES;
				CLANG_WARN_INT_CONVERSION = YES;
				CLANG_WARN_OBJC_ROOT_CLASS = YES_ERROR;
				CLANG_WARN_UNREACHABLE_CODE = YES;
				CLANG_WARN__DUPLICATE_METHOD_MATCH = YES;
				"CODE_SIGN_IDENTITY[sdk=iphoneos*]" = "iPhone Developer";
				COPY_PHASE_STRIP = NO;
				DEBUG_INFORMATION_FORMAT = dwarf;
				ENABLE_STRICT_OBJC_MSGSEND = YES;
				ENABLE_TESTABILITY = YES;
				GCC_C_LANGUAGE_STANDARD = gnu99;
				GCC_DYNAMIC_NO_PIC = NO;
				GCC_NO_COMMON_BLOCKS = YES;
				GCC_OPTIMIZATION_LEVEL = 0;
				GCC_PREPROCESSOR_DEFINITIONS = (
					"DEBUG=1",
					"$(inherited)",
				);
				GCC_WARN_64_TO_32_BIT_CONVERSION = YES;
				GCC_WARN_ABOUT_RETURN_TYPE = YES_ERROR;
				GCC_WARN_UNDECLARED_SELECTOR = YES;
				GCC_WARN_UNINITIALIZED_AUTOS = YES_AGGRESSIVE;
				GCC_WARN_UNUSED_FUNCTION = YES;
				GCC_WARN_UNUSED_VARIABLE = YES;
				IPHONEOS_DEPLOYMENT_TARGET = 9.3;
				MTL_ENABLE_DEBUG_INFO = YES;
				ONLY_ACTIVE_ARCH = YES;
				SDKROOT = iphoneos;
				SWIFT_OPTIMIZATION_LEVEL = "-Onone";
				TARGETED_DEVICE_FAMILY = "1,2";
			};
			name = Debug;
		};
		2FEE43C21CE4C200003EB533 /* Release */ = {
			isa = XCBuildConfiguration;
			buildSettings = {
				ALWAYS_SEARCH_USER_PATHS = NO;
				CLANG_ANALYZER_NONNULL = YES;
				CLANG_CXX_LANGUAGE_STANDARD = "gnu++0x";
				CLANG_CXX_LIBRARY = "libc++";
				CLANG_ENABLE_MODULES = YES;
				CLANG_ENABLE_OBJC_ARC = YES;
				CLANG_WARN_BOOL_CONVERSION = YES;
				CLANG_WARN_CONSTANT_CONVERSION = YES;
				CLANG_WARN_DIRECT_OBJC_ISA_USAGE = YES_ERROR;
				CLANG_WARN_EMPTY_BODY = YES;
				CLANG_WARN_ENUM_CONVERSION = YES;
				CLANG_WARN_INT_CONVERSION = YES;
				CLANG_WARN_OBJC_ROOT_CLASS = YES_ERROR;
				CLANG_WARN_UNREACHABLE_CODE = YES;
				CLANG_WARN__DUPLICATE_METHOD_MATCH = YES;
				"CODE_SIGN_IDENTITY[sdk=iphoneos*]" = "iPhone Developer";
				COPY_PHASE_STRIP = NO;
				DEBUG_INFORMATION_FORMAT = "dwarf-with-dsym";
				ENABLE_NS_ASSERTIONS = NO;
				ENABLE_STRICT_OBJC_MSGSEND = YES;
				GCC_C_LANGUAGE_STANDARD = gnu99;
				GCC_NO_COMMON_BLOCKS = YES;
				GCC_WARN_64_TO_32_BIT_CONVERSION = YES;
				GCC_WARN_ABOUT_RETURN_TYPE = YES_ERROR;
				GCC_WARN_UNDECLARED_SELECTOR = YES;
				GCC_WARN_UNINITIALIZED_AUTOS = YES_AGGRESSIVE;
				GCC_WARN_UNUSED_FUNCTION = YES;
				GCC_WARN_UNUSED_VARIABLE = YES;
				IPHONEOS_DEPLOYMENT_TARGET = 9.3;
				MTL_ENABLE_DEBUG_INFO = NO;
				SDKROOT = iphoneos;
				TARGETED_DEVICE_FAMILY = "1,2";
				VALIDATE_PRODUCT = YES;
			};
			name = Release;
		};
		2FEE43C41CE4C200003EB533 /* Debug */ = {
			isa = XCBuildConfiguration;
			buildSettings = {
				ASSETCATALOG_COMPILER_APPICON_NAME = AppIcon;
				INFOPLIST_FILE = SwiftyLocalizableStrings/Info.plist;
				LD_RUNPATH_SEARCH_PATHS = "$(inherited) @executable_path/Frameworks";
				PRODUCT_BUNDLE_IDENTIFIER = com.songkick.SwiftyLocalizableStrings;
				PRODUCT_NAME = "$(TARGET_NAME)";
			};
			name = Debug;
		};
		2FEE43C51CE4C200003EB533 /* Release */ = {
			isa = XCBuildConfiguration;
			buildSettings = {
				ASSETCATALOG_COMPILER_APPICON_NAME = AppIcon;
				INFOPLIST_FILE = SwiftyLocalizableStrings/Info.plist;
				LD_RUNPATH_SEARCH_PATHS = "$(inherited) @executable_path/Frameworks";
				PRODUCT_BUNDLE_IDENTIFIER = com.songkick.SwiftyLocalizableStrings;
				PRODUCT_NAME = "$(TARGET_NAME)";
			};
			name = Release;
		};
		2FEE43C71CE4C200003EB533 /* Debug */ = {
			isa = XCBuildConfiguration;
			buildSettings = {
				BUNDLE_LOADER = "$(TEST_HOST)";
				INFOPLIST_FILE = SwiftyLocalizableStringsTests/Info.plist;
				LD_RUNPATH_SEARCH_PATHS = "$(inherited) @executable_path/Frameworks @loader_path/Frameworks";
				PRODUCT_BUNDLE_IDENTIFIER = com.songkick.SwiftyLocalizableStringsTests;
				PRODUCT_NAME = "$(TARGET_NAME)";
				TEST_HOST = "$(BUILT_PRODUCTS_DIR)/SwiftyLocalizableStrings.app/SwiftyLocalizableStrings";
			};
			name = Debug;
		};
		2FEE43C81CE4C200003EB533 /* Release */ = {
			isa = XCBuildConfiguration;
			buildSettings = {
				BUNDLE_LOADER = "$(TEST_HOST)";
				INFOPLIST_FILE = SwiftyLocalizableStringsTests/Info.plist;
				LD_RUNPATH_SEARCH_PATHS = "$(inherited) @executable_path/Frameworks @loader_path/Frameworks";
				PRODUCT_BUNDLE_IDENTIFIER = com.songkick.SwiftyLocalizableStringsTests;
				PRODUCT_NAME = "$(TARGET_NAME)";
				TEST_HOST = "$(BUILT_PRODUCTS_DIR)/SwiftyLocalizableStrings.app/SwiftyLocalizableStrings";
			};
			name = Release;
		};
/* End XCBuildConfiguration section */

/* Begin XCConfigurationList section */
		2FEE43A11CE4C200003EB533 /* Build configuration list for PBXProject "SwiftyLocalizableStrings" */ = {
			isa = XCConfigurationList;
			buildConfigurations = (
				2FEE43C11CE4C200003EB533 /* Debug */,
				2FEE43C21CE4C200003EB533 /* Release */,
			);
			defaultConfigurationIsVisible = 0;
			defaultConfigurationName = Release;
		};
		2FEE43C31CE4C200003EB533 /* Build configuration list for PBXNativeTarget "SwiftyLocalizableStrings" */ = {
			isa = XCConfigurationList;
			buildConfigurations = (
				2FEE43C41CE4C200003EB533 /* Debug */,
				2FEE43C51CE4C200003EB533 /* Release */,
			);
			defaultConfigurationIsVisible = 0;
		};
		2FEE43C61CE4C200003EB533 /* Build configuration list for PBXNativeTarget "SwiftyLocalizableStringsTests" */ = {
			isa = XCConfigurationList;
			buildConfigurations = (
				2FEE43C71CE4C200003EB533 /* Debug */,
				2FEE43C81CE4C200003EB533 /* Release */,
			);
			defaultConfigurationIsVisible = 0;
		};
/* End XCConfigurationList section */
	};
	rootObject = 2FEE439E1CE4C200003EB533 /* Project object */;
}
